{
  "version": 4,
  "terraform_version": "1.12.2",
  "serial": 4,
  "lineage": "b07dc3eb-22ca-ea71-e487-656af6a0019e",
  "outputs": {},
  "resources": [
    {
      "mode": "data",
      "type": "aws_ami",
      "name": "ubuntu",
      "provider": "provider[\"registry.terraform.io/hashicorp/aws\"]",
      "instances": [
        {
          "schema_version": 0,
          "attributes": {
            "allow_unsafe_filter": null,
            "architecture": "x86_64",
            "arn": "arn:aws:ec2:us-east-2::image/ami-0911fd09f1f167a99",
            "block_device_mappings": [
              {
                "device_name": "/dev/sda1",
                "ebs": {
                  "delete_on_termination": "true",
                  "encrypted": "false",
                  "iops": "0",
                  "snapshot_id": "snap-09ba34e3634ee6dc5",
                  "throughput": "0",
                  "volume_initialization_rate": "0",
                  "volume_size": "8",
                  "volume_type": "gp2"
                },
                "no_device": "",
                "virtual_name": ""
              },
              {
                "device_name": "/dev/sdb",
                "ebs": {},
                "no_device": "",
                "virtual_name": "ephemeral0"
              },
              {
                "device_name": "/dev/sdc",
                "ebs": {},
                "no_device": "",
                "virtual_name": "ephemeral1"
              }
            ],
            "boot_mode": "uefi-preferred",
            "creation_date": "2025-11-11T07:04:09.000Z",
            "deprecation_time": "2027-11-11T07:04:09.000Z",
            "description": "Canonical, Ubuntu, 22.04, amd64 jammy image",
            "ena_support": true,
            "executable_users": null,
            "filter": [
              {
                "name": "name",
                "values": [
                  "ubuntu/images/hvm-ssd*/ubuntu-*-22.04-amd64-server-*"
                ]
              },
              {
                "name": "virtualization-type",
                "values": [
                  "hvm"
                ]
              }
            ],
            "hypervisor": "xen",
            "id": "ami-0911fd09f1f167a99",
            "image_id": "ami-0911fd09f1f167a99",
            "image_location": "amazon/ubuntu/images/hvm-ssd/ubuntu-jammy-22.04-amd64-server-20251111",
            "image_owner_alias": "amazon",
            "image_type": "machine",
            "imds_support": "",
            "include_deprecated": false,
            "kernel_id": "",
            "last_launched_time": "",
            "most_recent": true,
            "name": "ubuntu/images/hvm-ssd/ubuntu-jammy-22.04-amd64-server-20251111",
            "name_regex": null,
            "owner_id": "099720109477",
            "owners": [
              "099720109477"
            ],
            "platform": "",
            "platform_details": "Linux/UNIX",
            "product_codes": [],
            "public": true,
            "ramdisk_id": "",
            "region": "us-east-2",
            "root_device_name": "/dev/sda1",
            "root_device_type": "ebs",
            "root_snapshot_id": "snap-09ba34e3634ee6dc5",
            "sriov_net_support": "simple",
            "state": "available",
            "state_reason": {
              "code": "UNSET",
              "message": "UNSET"
            },
            "tags": {},
            "timeouts": null,
            "tpm_support": "",
            "uefi_data": null,
            "usage_operation": "RunInstances",
            "virtualization_type": "hvm"
          },
          "sensitive_attributes": [],
          "identity_schema_version": 0
        }
      ]
    },
    {
      "mode": "data",
      "type": "aws_subnets",
      "name": "default",
      "provider": "provider[\"registry.terraform.io/hashicorp/aws\"]",
      "instances": [
        {
          "schema_version": 0,
          "attributes": {
            "filter": [
              {
                "name": "vpc-id",
                "values": [
                  "vpc-0792e0364e3574da0"
                ]
              }
            ],
            "id": "us-east-2",
            "ids": [
              "subnet-03bcb0d0213339798",
              "subnet-014b6c2c222188a2e",
              "subnet-087996139a64eab70"
            ],
            "region": "us-east-2",
            "tags": null,
            "timeouts": null
          },
          "sensitive_attributes": [],
          "identity_schema_version": 0
        }
      ]
    },
    {
      "mode": "data",
      "type": "aws_vpc",
      "name": "default",
      "provider": "provider[\"registry.terraform.io/hashicorp/aws\"]",
      "instances": [
        {
          "schema_version": 0,
          "attributes": {
            "arn": "arn:aws:ec2:us-east-2:778086627893:vpc/vpc-0792e0364e3574da0",
            "cidr_block": "172.31.0.0/16",
            "cidr_block_associations": [
              {
                "association_id": "vpc-cidr-assoc-0cd3bd43b43221817",
                "cidr_block": "172.31.0.0/16",
                "state": "associated"
              }
            ],
            "default": true,
            "dhcp_options_id": "dopt-0b15188bbe8117ee4",
            "enable_dns_hostnames": true,
            "enable_dns_support": true,
            "enable_network_address_usage_metrics": false,
            "filter": null,
            "id": "vpc-0792e0364e3574da0",
            "instance_tenancy": "default",
            "ipv6_association_id": "",
            "ipv6_cidr_block": "",
            "main_route_table_id": "rtb-09d63d7e14990f178",
            "owner_id": "778086627893",
            "region": "us-east-2",
            "state": null,
            "tags": {},
            "timeouts": null
          },
          "sensitive_attributes": [],
          "identity_schema_version": 0
        }
      ]
    },
    {
      "mode": "managed",
      "type": "aws_key_pair",
      "name": "todoing_key",
      "provider": "provider[\"registry.terraform.io/hashicorp/aws\"]",
      "instances": [
        {
          "schema_version": 1,
          "attributes": {
            "arn": "arn:aws:ec2:us-east-2:778086627893:key-pair/todoing-key",
            "fingerprint": "9a:28:da:9b:a4:78:e0:ab:39:fa:cd:a9:35:b3:4a:c2",
            "id": "todoing-key",
            "key_name": "todoing-key",
            "key_name_prefix": "",
            "key_pair_id": "key-03f257bcf3c891d38",
            "key_type": "rsa",
            "public_key": "ssh-rsa AAAAB3NzaC1yc2EAAAADAQABAAACAQDUAmMZvB/VvWRN+5LrEG5qwEKFTZ+BPX7CCBYjKo3zX1trt2ZKgRLkEACj+IDwS4zUsWKqPGGHWtLLiAetVUXzZfB5USQX45T1EEUhHdJSjpzywwmjKeTItATrQZKm7vjZ8sAQaEZmRnucSbR8pfwbGJJK7q8JNYS59NXQIUy1xqYsoNltxyhGalYQqmICKrVhHIkS7rTv9PQt0XVonHLTWgQSD/lVuf3jXMK3PYg3tnI7cffksj2o6STWXWXQ/fI6gQa67RYT1IBgjfryKyThB+VUCv9E9JnoeKCEhPPaJZ1uvEBZ4U8ocEvjuUOzrk3EmBTMeZa8JAc5X8CuOY04RxXo92P3EhZKQDEWO/CCbJrlGFZOBXCeAHaWIkZkIAx9D5B026+aefAZ6DWED7V3ZaqFUal3pa/bOMSyoM/gNZO4Vs/TrviMrgfM343icqFIB9rAAOcnBNXjbOATh72fs1747s7rL/qG38F5xb+xizTe7Mne5mLtsuHZ+kk8bc6roReBDWNDHzzl/OTteLGXlYOaLXjPGE3hENIjNcjkoQDJGXG4KZL0aWgC2/AvsZCIy8hcaSWpkQfX/jqwYgzgRXb+iE3nYZs5YBK2uyoqEDg4C1qgS2esKhWbPLPVVNPKLsbky68IJP/3vI5IzWIXR2jr8wJEuwsrg+kCXsjD6w== root@MSI",
            "region": "us-east-2",
            "tags": {
              "Environment": "production",
              "Name": "todoing-key"
            },
            "tags_all": {
              "Environment": "production",
              "Name": "todoing-key"
            }
          },
          "sensitive_attributes": [],
          "identity_schema_version": 0,
          "private": "eyJzY2hlbWFfdmVyc2lvbiI6IjEifQ=="
        }
      ]
    },
    {
      "mode": "managed",
      "type": "aws_security_group",
      "name": "todoing_sg",
      "provider": "provider[\"registry.terraform.io/hashicorp/aws\"]",
      "instances": [
        {
          "schema_version": 1,
          "attributes": {
            "arn": "arn:aws:ec2:us-east-2:778086627893:security-group/sg-07e4b8be196ee48b9",
            "description": "Security group for ToDoing application",
            "egress": [
              {
                "cidr_blocks": [
                  "0.0.0.0/0"
                ],
                "description": "",
                "from_port": 0,
                "ipv6_cidr_blocks": [],
                "prefix_list_ids": [],
                "protocol": "-1",
                "security_groups": [],
                "self": false,
                "to_port": 0
              }
            ],
            "id": "sg-07e4b8be196ee48b9",
            "ingress": [
              {
                "cidr_blocks": [
                  "0.0.0.0/0"
                ],
                "description": "Application Port",
                "from_port": 8080,
                "ipv6_cidr_blocks": [],
                "prefix_list_ids": [],
                "protocol": "tcp",
                "security_groups": [],
                "self": false,
                "to_port": 8080
              },
              {
                "cidr_blocks": [
                  "0.0.0.0/0"
                ],
                "description": "HTTP",
                "from_port": 80,
                "ipv6_cidr_blocks": [],
                "prefix_list_ids": [],
                "protocol": "tcp",
                "security_groups": [],
                "self": false,
                "to_port": 80
              },
              {
                "cidr_blocks": [
                  "0.0.0.0/0"
                ],
                "description": "MongoDB",
                "from_port": 27017,
                "ipv6_cidr_blocks": [],
                "prefix_list_ids": [],
                "protocol": "tcp",
                "security_groups": [],
                "self": false,
                "to_port": 27017
              },
              {
                "cidr_blocks": [
                  "0.0.0.0/0"
                ],
                "description": "SSH",
                "from_port": 22,
                "ipv6_cidr_blocks": [],
                "prefix_list_ids": [],
                "protocol": "tcp",
                "security_groups": [],
                "self": false,
                "to_port": 22
              }
            ],
            "name": "todoing-security-group",
            "name_prefix": "",
            "owner_id": "778086627893",
            "region": "us-east-2",
            "revoke_rules_on_delete": false,
            "tags": {
              "Environment": "production",
              "Name": "todoing-sg",
              "Project": "ToDoing"
            },
            "tags_all": {
              "Environment": "production",
              "Name": "todoing-sg",
              "Project": "ToDoing"
            },
            "timeouts": null,
            "vpc_id": "vpc-0792e0364e3574da0"
          },
          "sensitive_attributes": [],
          "identity_schema_version": 0,
          "identity": {
            "account_id": "778086627893",
            "id": "sg-07e4b8be196ee48b9",
            "region": "us-east-2"
          },
          "private": "eyJlMmJmYjczMC1lY2FhLTExZTYtOGY4OC0zNDM2M2JjN2M0YzAiOnsiY3JlYXRlIjo2MDAwMDAwMDAwMDAsImRlbGV0ZSI6OTAwMDAwMDAwMDAwfSwic2NoZW1hX3ZlcnNpb24iOiIxIn0=",
          "dependencies": [
            "data.aws_vpc.default"
          ]
        }
      ]
    }
  ],
  "check_results": null
}
